// !$*UTF8*$!
{
	archiveVersion = 1;
	classes = {
	};
	objectVersion = 46;
	objects = {

/* Begin PBXBuildFile section */
		3DF66AD317111EA90033D07C /* UIKit.framework in Frameworks */ = {isa = PBXBuildFile; fileRef = 3DF66AD217111EA90033D07C /* UIKit.framework */; };
		3DF66AD517111EA90033D07C /* Foundation.framework in Frameworks */ = {isa = PBXBuildFile; fileRef = 3DF66AD417111EA90033D07C /* Foundation.framework */; };
		3DF66AD717111EA90033D07C /* CoreGraphics.framework in Frameworks */ = {isa = PBXBuildFile; fileRef = 3DF66AD617111EA90033D07C /* CoreGraphics.framework */; };
		3DF66ADD17111EA90033D07C /* InfoPlist.strings in Resources */ = {isa = PBXBuildFile; fileRef = 3DF66ADB17111EA90033D07C /* InfoPlist.strings */; };
		3DF66ADF17111EA90033D07C /* main.m in Sources */ = {isa = PBXBuildFile; fileRef = 3DF66ADE17111EA90033D07C /* main.m */; };
		3DF66AE317111EA90033D07C /* AppDelegate.m in Sources */ = {isa = PBXBuildFile; fileRef = 3DF66AE217111EA90033D07C /* AppDelegate.m */; };
		3DF66AE517111EA90033D07C /* Default.png in Resources */ = {isa = PBXBuildFile; fileRef = 3DF66AE417111EA90033D07C /* Default.png */; };
		3DF66AE717111EA90033D07C /* Default@2x.png in Resources */ = {isa = PBXBuildFile; fileRef = 3DF66AE617111EA90033D07C /* Default@2x.png */; };
		3DF66AE917111EA90033D07C /* Default-568h@2x.png in Resources */ = {isa = PBXBuildFile; fileRef = 3DF66AE817111EA90033D07C /* Default-568h@2x.png */; };
		3DF66AEC17111EA90033D07C /* ViewController.m in Sources */ = {isa = PBXBuildFile; fileRef = 3DF66AEB17111EA90033D07C /* ViewController.m */; };
		3DF66AEF17111EA90033D07C /* ViewController.xib in Resources */ = {isa = PBXBuildFile; fileRef = 3DF66AED17111EA90033D07C /* ViewController.xib */; };
		3DF66AFC171136560033D07C /* NetworkSocket.m in Sources */ = {isa = PBXBuildFile; fileRef = 3DF66AFB171136560033D07C /* NetworkSocket.m */; };
		3DF66AFF171136680033D07C /* GestureEngine.m in Sources */ = {isa = PBXBuildFile; fileRef = 3DF66AFE171136680033D07C /* GestureEngine.m */; };
		3DF66B02171136860033D07C /* SnapEngine.m in Sources */ = {isa = PBXBuildFile; fileRef = 3DF66B01171136860033D07C /* SnapEngine.m */; };
		3DF66B33171140740033D07C /* arrow2.png in Resources */ = {isa = PBXBuildFile; fileRef = 3DF66B2F171140740033D07C /* arrow2.png */; };
		3DF66B34171140740033D07C /* arrow2@2x.png in Resources */ = {isa = PBXBuildFile; fileRef = 3DF66B30171140740033D07C /* arrow2@2x.png */; };
		3DF66B35171140740033D07C /* noisy_grid_@2X.png in Resources */ = {isa = PBXBuildFile; fileRef = 3DF66B31171140740033D07C /* noisy_grid_@2X.png */; };
		3DF66B36171140740033D07C /* noisy_grid.png in Resources */ = {isa = PBXBuildFile; fileRef = 3DF66B32171140740033D07C /* noisy_grid.png */; };
		3DF66B3A171149FE0033D07C /* UIColor+CreateMethods.m in Sources */ = {isa = PBXBuildFile; fileRef = 3DF66B39171149FE0033D07C /* UIColor+CreateMethods.m */; };
		3DF66B3D171186AE0033D07C /* SystemConfiguration.framework in Frameworks */ = {isa = PBXBuildFile; fileRef = 3DF66B3C171186AD0033D07C /* SystemConfiguration.framework */; };
		3DF66B3F171186BC0033D07C /* AudioToolbox.framework in Frameworks */ = {isa = PBXBuildFile; fileRef = 3DF66B3E171186BC0033D07C /* AudioToolbox.framework */; };
		3DF66B41171186F40033D07C /* SpeechKit.framework in Frameworks */ = {isa = PBXBuildFile; fileRef = 3DF66B40171186F40033D07C /* SpeechKit.framework */; };
		3DF66B44171187CF0033D07C /* WinstonTopicEngine.m in Sources */ = {isa = PBXBuildFile; fileRef = 3DF66B43171187CF0033D07C /* WinstonTopicEngine.m */; };
		FC7F30A3762849AAB6F2F93F /* libPods.a in Frameworks */ = {isa = PBXBuildFile; fileRef = 89063CD1D96C49DE81C8E813 /* libPods.a */; };
/* End PBXBuildFile section */

/* Begin PBXFileReference section */
		3DF66ACF17111EA90033D07C /* HoverEvolved.app */ = {isa = PBXFileReference; explicitFileType = wrapper.application; includeInIndex = 0; path = HoverEvolved.app; sourceTree = BUILT_PRODUCTS_DIR; };
		3DF66AD217111EA90033D07C /* UIKit.framework */ = {isa = PBXFileReference; lastKnownFileType = wrapper.framework; name = UIKit.framework; path = System/Library/Frameworks/UIKit.framework; sourceTree = SDKROOT; };
		3DF66AD417111EA90033D07C /* Foundation.framework */ = {isa = PBXFileReference; lastKnownFileType = wrapper.framework; name = Foundation.framework; path = System/Library/Frameworks/Foundation.framework; sourceTree = SDKROOT; };
		3DF66AD617111EA90033D07C /* CoreGraphics.framework */ = {isa = PBXFileReference; lastKnownFileType = wrapper.framework; name = CoreGraphics.framework; path = System/Library/Frameworks/CoreGraphics.framework; sourceTree = SDKROOT; };
		3DF66ADA17111EA90033D07C /* HoverEvolved-Info.plist */ = {isa = PBXFileReference; lastKnownFileType = text.plist.xml; path = "HoverEvolved-Info.plist"; sourceTree = "<group>"; };
		3DF66ADC17111EA90033D07C /* en */ = {isa = PBXFileReference; lastKnownFileType = text.plist.strings; name = en; path = en.lproj/InfoPlist.strings; sourceTree = "<group>"; };
		3DF66ADE17111EA90033D07C /* main.m */ = {isa = PBXFileReference; lastKnownFileType = sourcecode.c.objc; path = main.m; sourceTree = "<group>"; };
		3DF66AE017111EA90033D07C /* HoverEvolved-Prefix.pch */ = {isa = PBXFileReference; lastKnownFileType = sourcecode.c.h; path = "HoverEvolved-Prefix.pch"; sourceTree = "<group>"; };
		3DF66AE117111EA90033D07C /* AppDelegate.h */ = {isa = PBXFileReference; lastKnownFileType = sourcecode.c.h; path = AppDelegate.h; sourceTree = "<group>"; };
		3DF66AE217111EA90033D07C /* AppDelegate.m */ = {isa = PBXFileReference; lastKnownFileType = sourcecode.c.objc; path = AppDelegate.m; sourceTree = "<group>"; };
		3DF66AE417111EA90033D07C /* Default.png */ = {isa = PBXFileReference; lastKnownFileType = image.png; path = Default.png; sourceTree = "<group>"; };
		3DF66AE617111EA90033D07C /* Default@2x.png */ = {isa = PBXFileReference; lastKnownFileType = image.png; path = "Default@2x.png"; sourceTree = "<group>"; };
		3DF66AE817111EA90033D07C /* Default-568h@2x.png */ = {isa = PBXFileReference; lastKnownFileType = image.png; path = "Default-568h@2x.png"; sourceTree = "<group>"; };
		3DF66AEA17111EA90033D07C /* ViewController.h */ = {isa = PBXFileReference; lastKnownFileType = sourcecode.c.h; path = ViewController.h; sourceTree = "<group>"; };
		3DF66AEB17111EA90033D07C /* ViewController.m */ = {isa = PBXFileReference; lastKnownFileType = sourcecode.c.objc; path = ViewController.m; sourceTree = "<group>"; };
		3DF66AEE17111EA90033D07C /* en */ = {isa = PBXFileReference; lastKnownFileType = file.xib; name = en; path = en.lproj/ViewController.xib; sourceTree = "<group>"; };
		3DF66AFA171136560033D07C /* NetworkSocket.h */ = {isa = PBXFileReference; fileEncoding = 4; lastKnownFileType = sourcecode.c.h; path = NetworkSocket.h; sourceTree = "<group>"; };
		3DF66AFB171136560033D07C /* NetworkSocket.m */ = {isa = PBXFileReference; fileEncoding = 4; lastKnownFileType = sourcecode.c.objc; path = NetworkSocket.m; sourceTree = "<group>"; };
		3DF66AFD171136680033D07C /* GestureEngine.h */ = {isa = PBXFileReference; fileEncoding = 4; lastKnownFileType = sourcecode.c.h; path = GestureEngine.h; sourceTree = "<group>"; };
		3DF66AFE171136680033D07C /* GestureEngine.m */ = {isa = PBXFileReference; fileEncoding = 4; lastKnownFileType = sourcecode.c.objc; path = GestureEngine.m; sourceTree = "<group>"; };
		3DF66B00171136860033D07C /* SnapEngine.h */ = {isa = PBXFileReference; fileEncoding = 4; lastKnownFileType = sourcecode.c.h; path = SnapEngine.h; sourceTree = "<group>"; };
		3DF66B01171136860033D07C /* SnapEngine.m */ = {isa = PBXFileReference; fileEncoding = 4; lastKnownFileType = sourcecode.c.objc; path = SnapEngine.m; sourceTree = "<group>"; };
		3DF66B2F171140740033D07C /* arrow2.png */ = {isa = PBXFileReference; lastKnownFileType = image.png; path = arrow2.png; sourceTree = "<group>"; };
		3DF66B30171140740033D07C /* arrow2@2x.png */ = {isa = PBXFileReference; lastKnownFileType = image.png; path = "arrow2@2x.png"; sourceTree = "<group>"; };
		3DF66B31171140740033D07C /* noisy_grid_@2X.png */ = {isa = PBXFileReference; lastKnownFileType = image.png; path = "noisy_grid_@2X.png"; sourceTree = "<group>"; };
		3DF66B32171140740033D07C /* noisy_grid.png */ = {isa = PBXFileReference; lastKnownFileType = image.png; path = noisy_grid.png; sourceTree = "<group>"; };
		3DF66B38171149FE0033D07C /* UIColor+CreateMethods.h */ = {isa = PBXFileReference; fileEncoding = 4; lastKnownFileType = sourcecode.c.h; path = "UIColor+CreateMethods.h"; sourceTree = "<group>"; };
		3DF66B39171149FE0033D07C /* UIColor+CreateMethods.m */ = {isa = PBXFileReference; fileEncoding = 4; lastKnownFileType = sourcecode.c.objc; path = "UIColor+CreateMethods.m"; sourceTree = "<group>"; };
		3DF66B3C171186AD0033D07C /* SystemConfiguration.framework */ = {isa = PBXFileReference; lastKnownFileType = wrapper.framework; name = SystemConfiguration.framework; path = System/Library/Frameworks/SystemConfiguration.framework; sourceTree = SDKROOT; };
		3DF66B3E171186BC0033D07C /* AudioToolbox.framework */ = {isa = PBXFileReference; lastKnownFileType = wrapper.framework; name = AudioToolbox.framework; path = System/Library/Frameworks/AudioToolbox.framework; sourceTree = SDKROOT; };
		3DF66B40171186F40033D07C /* SpeechKit.framework */ = {isa = PBXFileReference; lastKnownFileType = wrapper.framework; path = SpeechKit.framework; sourceTree = "<group>"; };
		3DF66B42171187CF0033D07C /* WinstonTopicEngine.h */ = {isa = PBXFileReference; fileEncoding = 4; lastKnownFileType = sourcecode.c.h; path = WinstonTopicEngine.h; sourceTree = "<group>"; };
		3DF66B43171187CF0033D07C /* WinstonTopicEngine.m */ = {isa = PBXFileReference; fileEncoding = 4; lastKnownFileType = sourcecode.c.objc; path = WinstonTopicEngine.m; sourceTree = "<group>"; };
		89063CD1D96C49DE81C8E813 /* libPods.a */ = {isa = PBXFileReference; explicitFileType = archive.ar; includeInIndex = 0; path = libPods.a; sourceTree = BUILT_PRODUCTS_DIR; };
		BE59693906444B33B812D89E /* Pods.xcconfig */ = {isa = PBXFileReference; includeInIndex = 1; lastKnownFileType = text.xcconfig; name = Pods.xcconfig; path = Pods/Pods.xcconfig; sourceTree = SOURCE_ROOT; };
/* End PBXFileReference section */

/* Begin PBXFrameworksBuildPhase section */
		3DF66ACC17111EA90033D07C /* Frameworks */ = {
			isa = PBXFrameworksBuildPhase;
			buildActionMask = 2147483647;
			files = (
				3DF66B3F171186BC0033D07C /* AudioToolbox.framework in Frameworks */,
				3DF66B3D171186AE0033D07C /* SystemConfiguration.framework in Frameworks */,
				3DF66AD317111EA90033D07C /* UIKit.framework in Frameworks */,
				3DF66AD517111EA90033D07C /* Foundation.framework in Frameworks */,
				3DF66AD717111EA90033D07C /* CoreGraphics.framework in Frameworks */,
				FC7F30A3762849AAB6F2F93F /* libPods.a in Frameworks */,
				3DF66B41171186F40033D07C /* SpeechKit.framework in Frameworks */,
			);
			runOnlyForDeploymentPostprocessing = 0;
		};
/* End PBXFrameworksBuildPhase section */

/* Begin PBXGroup section */
		3DF66AC617111EA90033D07C = {
			isa = PBXGroup;
			children = (
				3DF66AD817111EA90033D07C /* HoverEvolved */,
				3DF66B2E171140490033D07C /* Resources */,
				3DF66AD117111EA90033D07C /* Frameworks */,
				3DF66AD017111EA90033D07C /* Products */,
				BE59693906444B33B812D89E /* Pods.xcconfig */,
			);
			sourceTree = "<group>";
		};
		3DF66AD017111EA90033D07C /* Products */ = {
			isa = PBXGroup;
			children = (
				3DF66ACF17111EA90033D07C /* HoverEvolved.app */,
			);
			name = Products;
			sourceTree = "<group>";
		};
		3DF66AD117111EA90033D07C /* Frameworks */ = {
			isa = PBXGroup;
			children = (
				3DF66B40171186F40033D07C /* SpeechKit.framework */,
				3DF66B3E171186BC0033D07C /* AudioToolbox.framework */,
				3DF66B3C171186AD0033D07C /* SystemConfiguration.framework */,
				3DF66AD217111EA90033D07C /* UIKit.framework */,
				3DF66AD417111EA90033D07C /* Foundation.framework */,
				3DF66AD617111EA90033D07C /* CoreGraphics.framework */,
				89063CD1D96C49DE81C8E813 /* libPods.a */,
			);
			name = Frameworks;
			sourceTree = "<group>";
		};
		3DF66AD817111EA90033D07C /* HoverEvolved */ = {
			isa = PBXGroup;
			children = (
				3DF66B3B171164D70033D07C /* Voice */,
				3DF66B37171149DE0033D07C /* Util */,
				3DF66AF91711356A0033D07C /* Gesture */,
				3DF66AF81711355D0033D07C /* Network */,
				3DF66AF61711353E0033D07C /* Application */,
				3DF66AF71711354D0033D07C /* ViewControllers */,
				3DF66AD917111EA90033D07C /* Supporting Files */,
			);
			path = HoverEvolved;
			sourceTree = "<group>";
		};
		3DF66AD917111EA90033D07C /* Supporting Files */ = {
			isa = PBXGroup;
			children = (
				3DF66ADA17111EA90033D07C /* HoverEvolved-Info.plist */,
				3DF66ADB17111EA90033D07C /* InfoPlist.strings */,
				3DF66ADE17111EA90033D07C /* main.m */,
				3DF66AE017111EA90033D07C /* HoverEvolved-Prefix.pch */,
				3DF66AE417111EA90033D07C /* Default.png */,
				3DF66AE617111EA90033D07C /* Default@2x.png */,
				3DF66AE817111EA90033D07C /* Default-568h@2x.png */,
			);
			name = "Supporting Files";
			sourceTree = "<group>";
		};
		3DF66AF61711353E0033D07C /* Application */ = {
			isa = PBXGroup;
			children = (
				3DF66AE117111EA90033D07C /* AppDelegate.h */,
				3DF66AE217111EA90033D07C /* AppDelegate.m */,
			);
			name = Application;
			sourceTree = "<group>";
		};
		3DF66AF71711354D0033D07C /* ViewControllers */ = {
			isa = PBXGroup;
			children = (
				3DF66AEA17111EA90033D07C /* ViewController.h */,
				3DF66AEB17111EA90033D07C /* ViewController.m */,
				3DF66AED17111EA90033D07C /* ViewController.xib */,
			);
			name = ViewControllers;
			sourceTree = "<group>";
		};
		3DF66AF81711355D0033D07C /* Network */ = {
			isa = PBXGroup;
			children = (
				3DF66AFA171136560033D07C /* NetworkSocket.h */,
				3DF66AFB171136560033D07C /* NetworkSocket.m */,
			);
			name = Network;
			sourceTree = "<group>";
		};
		3DF66AF91711356A0033D07C /* Gesture */ = {
			isa = PBXGroup;
			children = (
				3DF66AFD171136680033D07C /* GestureEngine.h */,
				3DF66AFE171136680033D07C /* GestureEngine.m */,
				3DF66B00171136860033D07C /* SnapEngine.h */,
				3DF66B01171136860033D07C /* SnapEngine.m */,
			);
			name = Gesture;
			sourceTree = "<group>";
		};
		3DF66B2E171140490033D07C /* Resources */ = {
			isa = PBXGroup;
			children = (
				3DF66B2F171140740033D07C /* arrow2.png */,
				3DF66B30171140740033D07C /* arrow2@2x.png */,
				3DF66B31171140740033D07C /* noisy_grid_@2X.png */,
				3DF66B32171140740033D07C /* noisy_grid.png */,
			);
			path = Resources;
			sourceTree = "<group>";
		};
		3DF66B37171149DE0033D07C /* Util */ = {
			isa = PBXGroup;
			children = (
				3DF66B38171149FE0033D07C /* UIColor+CreateMethods.h */,
				3DF66B39171149FE0033D07C /* UIColor+CreateMethods.m */,
			);
			name = Util;
			sourceTree = "<group>";
		};
		3DF66B3B171164D70033D07C /* Voice */ = {
			isa = PBXGroup;
			children = (
				3DF66B42171187CF0033D07C /* WinstonTopicEngine.h */,
				3DF66B43171187CF0033D07C /* WinstonTopicEngine.m */,
			);
			name = Voice;
			sourceTree = "<group>";
		};
/* End PBXGroup section */

/* Begin PBXNativeTarget section */
		3DF66ACE17111EA90033D07C /* HoverEvolved */ = {
			isa = PBXNativeTarget;
			buildConfigurationList = 3DF66AF217111EA90033D07C /* Build configuration list for PBXNativeTarget "HoverEvolved" */;
			buildPhases = (
				3DF66ACB17111EA90033D07C /* Sources */,
				3DF66ACC17111EA90033D07C /* Frameworks */,
				3DF66ACD17111EA90033D07C /* Resources */,
				13DEFFB205E54DA895CF2D05 /* Copy Pods Resources */,
			);
			buildRules = (
			);
			dependencies = (
			);
			name = HoverEvolved;
			productName = HoverEvolved;
			productReference = 3DF66ACF17111EA90033D07C /* HoverEvolved.app */;
			productType = "com.apple.product-type.application";
		};
/* End PBXNativeTarget section */

/* Begin PBXProject section */
		3DF66AC717111EA90033D07C /* Project object */ = {
			isa = PBXProject;
			attributes = {
				LastUpgradeCheck = 0460;
				ORGANIZATIONNAME = Equinox;
			};
			buildConfigurationList = 3DF66ACA17111EA90033D07C /* Build configuration list for PBXProject "HoverEvolved" */;
			compatibilityVersion = "Xcode 3.2";
			developmentRegion = English;
			hasScannedForEncodings = 0;
			knownRegions = (
				en,
			);
			mainGroup = 3DF66AC617111EA90033D07C;
			productRefGroup = 3DF66AD017111EA90033D07C /* Products */;
			projectDirPath = "";
			projectRoot = "";
			targets = (
				3DF66ACE17111EA90033D07C /* HoverEvolved */,
			);
		};
/* End PBXProject section */

/* Begin PBXResourcesBuildPhase section */
		3DF66ACD17111EA90033D07C /* Resources */ = {
			isa = PBXResourcesBuildPhase;
			buildActionMask = 2147483647;
			files = (
				3DF66ADD17111EA90033D07C /* InfoPlist.strings in Resources */,
				3DF66AE517111EA90033D07C /* Default.png in Resources */,
				3DF66AE717111EA90033D07C /* Default@2x.png in Resources */,
				3DF66AE917111EA90033D07C /* Default-568h@2x.png in Resources */,
				3DF66AEF17111EA90033D07C /* ViewController.xib in Resources */,
				3DF66B33171140740033D07C /* arrow2.png in Resources */,
				3DF66B34171140740033D07C /* arrow2@2x.png in Resources */,
				3DF66B35171140740033D07C /* noisy_grid_@2X.png in Resources */,
				3DF66B36171140740033D07C /* noisy_grid.png in Resources */,
			);
			runOnlyForDeploymentPostprocessing = 0;
		};
/* End PBXResourcesBuildPhase section */

/* Begin PBXShellScriptBuildPhase section */
		13DEFFB205E54DA895CF2D05 /* Copy Pods Resources */ = {
			isa = PBXShellScriptBuildPhase;
			buildActionMask = 2147483647;
			files = (
			);
			inputPaths = (
			);
			name = "Copy Pods Resources";
			outputPaths = (
			);
			runOnlyForDeploymentPostprocessing = 0;
			shellPath = /bin/sh;
			shellScript = "\"${SRCROOT}/Pods/Pods-resources.sh\"\n";
		};
/* End PBXShellScriptBuildPhase section */

/* Begin PBXSourcesBuildPhase section */
		3DF66ACB17111EA90033D07C /* Sources */ = {
			isa = PBXSourcesBuildPhase;
			buildActionMask = 2147483647;
			files = (
				3DF66ADF17111EA90033D07C /* main.m in Sources */,
				3DF66AE317111EA90033D07C /* AppDelegate.m in Sources */,
				3DF66AEC17111EA90033D07C /* ViewController.m in Sources */,
				3DF66AFC171136560033D07C /* NetworkSocket.m in Sources */,
				3DF66AFF171136680033D07C /* GestureEngine.m in Sources */,
				3DF66B02171136860033D07C /* SnapEngine.m in Sources */,
				3DF66B3A171149FE0033D07C /* UIColor+CreateMethods.m in Sources */,
				3DF66B44171187CF0033D07C /* WinstonTopicEngine.m in Sources */,
			);
			runOnlyForDeploymentPostprocessing = 0;
		};
/* End PBXSourcesBuildPhase section */

/* Begin PBXVariantGroup section */
		3DF66ADB17111EA90033D07C /* InfoPlist.strings */ = {
			isa = PBXVariantGroup;
			children = (
				3DF66ADC17111EA90033D07C /* en */,
			);
			name = InfoPlist.strings;
			sourceTree = "<group>";
		};
		3DF66AED17111EA90033D07C /* ViewController.xib */ = {
			isa = PBXVariantGroup;
			children = (
				3DF66AEE17111EA90033D07C /* en */,
			);
			name = ViewController.xib;
			sourceTree = "<group>";
		};
/* End PBXVariantGroup section */

/* Begin XCBuildConfiguration section */
		3DF66AF017111EA90033D07C /* Debug */ = {
			isa = XCBuildConfiguration;
			buildSettings = {
				ALWAYS_SEARCH_USER_PATHS = NO;
				CLANG_CXX_LANGUAGE_STANDARD = "gnu++0x";
				CLANG_CXX_LIBRARY = "libc++";
				CLANG_ENABLE_OBJC_ARC = YES;
				CLANG_WARN_CONSTANT_CONVERSION = YES;
				CLANG_WARN_EMPTY_BODY = YES;
				CLANG_WARN_ENUM_CONVERSION = YES;
				CLANG_WARN_INT_CONVERSION = YES;
				CLANG_WARN__DUPLICATE_METHOD_MATCH = YES;
				"CODE_SIGN_IDENTITY[sdk=iphoneos*]" = "iPhone Developer";
				COPY_PHASE_STRIP = NO;
				GCC_C_LANGUAGE_STANDARD = gnu99;
				GCC_DYNAMIC_NO_PIC = NO;
				GCC_OPTIMIZATION_LEVEL = 0;
				GCC_PREPROCESSOR_DEFINITIONS = (
					"DEBUG=1",
					"$(inherited)",
				);
				GCC_SYMBOLS_PRIVATE_EXTERN = NO;
				GCC_WARN_ABOUT_RETURN_TYPE = YES;
				GCC_WARN_UNINITIALIZED_AUTOS = YES;
				GCC_WARN_UNUSED_VARIABLE = YES;
				IPHONEOS_DEPLOYMENT_TARGET = 6.1;
				ONLY_ACTIVE_ARCH = YES;
				SDKROOT = iphoneos;
				TARGETED_DEVICE_FAMILY = 2;
			};
			name = Debug;
		};
		3DF66AF117111EA90033D07C /* Release */ = {
			isa = XCBuildConfiguration;
			buildSettings = {
				ALWAYS_SEARCH_USER_PATHS = NO;
				CLANG_CXX_LANGUAGE_STANDARD = "gnu++0x";
				CLANG_CXX_LIBRARY = "libc++";
				CLANG_ENABLE_OBJC_ARC = YES;
				CLANG_WARN_CONSTANT_CONVERSION = YES;
				CLANG_WARN_EMPTY_BODY = YES;
				CLANG_WARN_ENUM_CONVERSION = YES;
				CLANG_WARN_INT_CONVERSION = YES;
				CLANG_WARN__DUPLICATE_METHOD_MATCH = YES;
				"CODE_SIGN_IDENTITY[sdk=iphoneos*]" = "iPhone Developer";
				COPY_PHASE_STRIP = YES;
				GCC_C_LANGUAGE_STANDARD = gnu99;
				GCC_WARN_ABOUT_RETURN_TYPE = YES;
				GCC_WARN_UNINITIALIZED_AUTOS = YES;
				GCC_WARN_UNUSED_VARIABLE = YES;
				IPHONEOS_DEPLOYMENT_TARGET = 6.1;
				OTHER_CFLAGS = "-DNS_BLOCK_ASSERTIONS=1";
				SDKROOT = iphoneos;
				TARGETED_DEVICE_FAMILY = 2;
				VALIDATE_PRODUCT = YES;
			};
			name = Release;
		};
		3DF66AF317111EA90033D07C /* Debug */ = {
			isa = XCBuildConfiguration;
			baseConfigurationReference = BE59693906444B33B812D89E /* Pods.xcconfig */;
			buildSettings = {
				FRAMEWORK_SEARCH_PATHS = (
					"$(inherited)",
					"\"$(SRCROOT)\"",
				);
				GCC_PRECOMPILE_PREFIX_HEADER = YES;
				GCC_PREFIX_HEADER = "HoverEvolved/HoverEvolved-Prefix.pch";
				INFOPLIST_FILE = "HoverEvolved/HoverEvolved-Info.plist";
				IPHONEOS_DEPLOYMENT_TARGET = 5.1;
				LIBRARY_SEARCH_PATHS = (
					"$(inherited)",
					"\"$(SRCROOT)/HoverEvolved/ZBarSDK\"",
				);
				PRODUCT_NAME = "$(TARGET_NAME)";
				TARGETED_DEVICE_FAMILY = "1,2";
				WRAPPER_EXTENSION = app;
			};
			name = Debug;
		};
		3DF66AF417111EA90033D07C /* Release */ = {
			isa = XCBuildConfiguration;
			baseConfigurationReference = BE59693906444B33B812D89E /* Pods.xcconfig */;
			buildSettings = {
				FRAMEWORK_SEARCH_PATHS = (
					"$(inherited)",
					"\"$(SRCROOT)\"",
				);
				GCC_PRECOMPILE_PREFIX_HEADER = YES;
				GCC_PREFIX_HEADER = "HoverEvolved/HoverEvolved-Prefix.pch";
				INFOPLIST_FILE = "HoverEvolved/HoverEvolved-Info.plist";
				IPHONEOS_DEPLOYMENT_TARGET = 5.1;
				LIBRARY_SEARCH_PATHS = (
					"$(inherited)",
					"\"$(SRCROOT)/HoverEvolved/ZBarSDK\"",
				);
				PRODUCT_NAME = "$(TARGET_NAME)";
				TARGETED_DEVICE_FAMILY = "1,2";
				WRAPPER_EXTENSION = app;
			};
			name = Release;
		};
/* End XCBuildConfiguration section */

/* Begin XCConfigurationList section */
		3DF66ACA17111EA90033D07C /* Build configuration list for PBXProject "HoverEvolved" */ = {
			isa = XCConfigurationList;
			buildConfigurations = (
				3DF66AF017111EA90033D07C /* Debug */,
				3DF66AF117111EA90033D07C /* Release */,
			);
			defaultConfigurationIsVisible = 0;
			defaultConfigurationName = Release;
		};
		3DF66AF217111EA90033D07C /* Build configuration list for PBXNativeTarget "HoverEvolved" */ = {
			isa = XCConfigurationList;
			buildConfigurations = (
				3DF66AF317111EA90033D07C /* Debug */,
				3DF66AF417111EA90033D07C /* Release */,
			);
			defaultConfigurationIsVisible = 0;
			defaultConfigurationName = Release;
		};
/* End XCConfigurationList section */
	};
	rootObject = 3DF66AC717111EA90033D07C /* Project object */;
}
